
Microsoft Visual Studio Solution File, Format Version 12.00
# Visual Studio Version 17
VisualStudioVersion = 17.7.34031.279
MinimumVisualStudioVersion = 10.0.40219.1
Project("{8BC9CEB8-8B4A-11D0-8D11-00A0C91BC942}") = "ProjektJipp4_que_tab", "ProjektJipp4_que_tab\ProjektJipp4_que_tab.vcxproj", "{C12F20C1-953A-4416-B671-80C419B22D55}"
EndProject
Global
	GlobalSection(SolutionConfigurationPlatforms) = preSolution
		Debug|x64 = Debug|x64
		Debug|x86 = Debug|x86
		Release|x64 = Release|x64
		Release|x86 = Release|x86
	EndGlobalSection
	GlobalSection(ProjectConfigurationPlatforms) = postSolution
		{C12F20C1-953A-4416-B671-80C419B22D55}.Debug|x64.ActiveCfg = Debug|x64
		{C12F20C1-953A-4416-B671-80C419B22D55}.Debug|x64.Build.0 = Debug|x64
		{C12F20C1-953A-4416-B671-80C419B22D55}.Debug|x86.ActiveCfg = Debug|Win32
		{C12F20C1-953A-4416-B671-80C419B22D55}.Debug|x86.Build.0 = Debug|Win32
		{C12F20C1-953A-4416-B671-80C419B22D55}.Release|x64.ActiveCfg = Release|x64
		{C12F20C1-953A-4416-B671-80C419B22D55}.Release|x64.Build.0 = Release|x64
		{C12F20C1-953A-4416-B671-80C419B22D55}.Release|x86.ActiveCfg = Release|Win32
		{C12F20C1-953A-4416-B671-80C419B22D55}.Release|x86.Build.0 = Release|Win32
	EndGlobalSection
	GlobalSection(SolutionProperties) = preSolution
		HideSolutionNode = FALSE
	EndGlobalSection
	GlobalSection(ExtensibilityGlobals) = postSolution
		SolutionGuid = {7E772429-06B4-4F15-A557-B29281EA4A87}
	EndGlobalSection
EndGlobal
